
Microsoft Visual Studio Solution File, Format Version 12.00
# Visual Studio Version 17
VisualStudioVersion = 17.4.33122.133
MinimumVisualStudioVersion = 10.0.40219.1
Project("{FAE04EC0-301F-11D3-BF4B-00C04F79EFBC}") = "MarkupExtensionHotReload", "MarkupExtensionHotReload\MarkupExtensionHotReload.csproj", "{EAACBD55-92BE-4486-BD33-B65486CCCAAE}"
EndProject
Global
	GlobalSection(SolutionConfigurationPlatforms) = preSolution
		Debug|Any CPU = Debug|Any CPU
		Release|Any CPU = Release|Any CPU
	EndGlobalSection
	GlobalSection(ProjectConfigurationPlatforms) = postSolution
		{EAACBD55-92BE-4486-BD33-B65486CCCAAE}.Debug|Any CPU.ActiveCfg = Debug|Any CPU
		{EAACBD55-92BE-4486-BD33-B65486CCCAAE}.Debug|Any CPU.Build.0 = Debug|Any CPU
		{EAACBD55-92BE-4486-BD33-B65486CCCAAE}.Release|Any CPU.ActiveCfg = Release|Any CPU
		{EAACBD55-92BE-4486-BD33-B65486CCCAAE}.Release|Any CPU.Build.0 = Release|Any CPU
	EndGlobalSection
	GlobalSection(SolutionProperties) = preSolution
		HideSolutionNode = FALSE
	EndGlobalSection
	GlobalSection(ExtensibilityGlobals) = postSolution
		SolutionGuid = {108A751C-A013-49EC-914C-DF6722024966}
	EndGlobalSection
EndGlobal
